
Microsoft Visual Studio Solution File, Format Version 12.00
# Visual Studio 15
VisualStudioVersion = 15.0.27703.2018
MinimumVisualStudioVersion = 10.0.40219.1
Project("{FAE04EC0-301F-11D3-BF4B-00C04F79EFBC}") = "arrays", "arrays\arrays.csproj", "{EC082BC2-E5C3-4006-8B53-62B691F71BF7}"
EndProject
Global
	GlobalSection(SolutionConfigurationPlatforms) = preSolution
		Debug|Any CPU = Debug|Any CPU
		Release|Any CPU = Release|Any CPU
	EndGlobalSection
	GlobalSection(ProjectConfigurationPlatforms) = postSolution
		{EC082BC2-E5C3-4006-8B53-62B691F71BF7}.Debug|Any CPU.ActiveCfg = Debug|Any CPU
		{EC082BC2-E5C3-4006-8B53-62B691F71BF7}.Debug|Any CPU.Build.0 = Debug|Any CPU
		{EC082BC2-E5C3-4006-8B53-62B691F71BF7}.Release|Any CPU.ActiveCfg = Release|Any CPU
		{EC082BC2-E5C3-4006-8B53-62B691F71BF7}.Release|Any CPU.Build.0 = Release|Any CPU
	EndGlobalSection
	GlobalSection(SolutionProperties) = preSolution
		HideSolutionNode = FALSE
	EndGlobalSection
	GlobalSection(ExtensibilityGlobals) = postSolution
		SolutionGuid = {3C8B0706-228B-47F5-81FB-D44EE6CE4C69}
	EndGlobalSection
EndGlobal
